# This file is automatically @generated by Cargo.
# It is not intended for manual editing.
version = 3

[[package]]
name = "axon-api"
version = "0.1.0"
dependencies = [
 "axon-core",
 "axon-store",
]

[[package]]
name = "axon-core"
version = "0.1.0"

[[package]]
name = "axon-crypto"
version = "0.1.0"
dependencies = [
 "axon-core",
]

[[package]]
name = "axon-media"
version = "0.1.0"
dependencies = [
 "axon-core",
]

[[package]]
name = "axon-search"
version = "0.1.0"
dependencies = [
 "axon-core",
 "axon-store",
]

[[package]]
name = "axon-server"
version = "0.1.0"
dependencies = [
 "axon-api",
 "axon-core",
 "axon-crypto",
 "axon-media",
 "axon-search",
 "axon-store",
 "axon-sync",
]

[[package]]
name = "axon-store"
version = "0.1.0"
dependencies = [
 "axon-core",
]

[[package]]
name = "axon-sync"
version = "0.1.0"
dependencies = [
 "axon-core",
 "axon-store",
]
